
Microsoft Visual Studio Solution File, Format Version 12.00
# Visual Studio Version 17
VisualStudioVersion = 17.1.32319.34
MinimumVisualStudioVersion = 10.0.40219.1
Project("{9A19103F-16F7-4668-BE54-9A1E7A4F7556}") = "GrayscaleFilter", "WinFormsApp1\GrayscaleFilter.csproj", "{15485AC9-E548-473C-8D4A-F94FEC82848B}"
EndProject
Project("{FAE04EC0-301F-11D3-BF4B-00C04F79EFBC}") = "ProcessPixelCS", "ProcessPixelCS\ProcessPixelCS.csproj", "{1036BF01-BBE3-4DC5-9B5C-7F072143219E}"
EndProject
Global
	GlobalSection(SolutionConfigurationPlatforms) = preSolution
		Debug|Any CPU = Debug|Any CPU
		Release|Any CPU = Release|Any CPU
	EndGlobalSection
	GlobalSection(ProjectConfigurationPlatforms) = postSolution
		{15485AC9-E548-473C-8D4A-F94FEC82848B}.Debug|Any CPU.ActiveCfg = Debug|Any CPU
		{15485AC9-E548-473C-8D4A-F94FEC82848B}.Debug|Any CPU.Build.0 = Debug|Any CPU
		{15485AC9-E548-473C-8D4A-F94FEC82848B}.Release|Any CPU.ActiveCfg = Release|Any CPU
		{15485AC9-E548-473C-8D4A-F94FEC82848B}.Release|Any CPU.Build.0 = Release|Any CPU
		{1036BF01-BBE3-4DC5-9B5C-7F072143219E}.Debug|Any CPU.ActiveCfg = Debug|Any CPU
		{1036BF01-BBE3-4DC5-9B5C-7F072143219E}.Debug|Any CPU.Build.0 = Debug|Any CPU
		{1036BF01-BBE3-4DC5-9B5C-7F072143219E}.Release|Any CPU.ActiveCfg = Release|Any CPU
		{1036BF01-BBE3-4DC5-9B5C-7F072143219E}.Release|Any CPU.Build.0 = Release|Any CPU
	EndGlobalSection
	GlobalSection(SolutionProperties) = preSolution
		HideSolutionNode = FALSE
	EndGlobalSection
	GlobalSection(ExtensibilityGlobals) = postSolution
		SolutionGuid = {85E43B87-4F39-4E65-B61B-271EB03FD78A}
	EndGlobalSection
EndGlobal
